<?xml version="1.0" encoding="utf-8"?>
<Project ToolsVersion="4.0" xmlns="http://schemas.microsoft.com/developer/msbuild/2003">
  <ItemGroup>
    <Filter Include="소스 파일">
      <UniqueIdentifier>{4FC737F1-C7A5-4376-A066-2A32D752A2FF}</UniqueIdentifier>
      <Extensions>cpp;c;cc;cxx;def;odl;idl;hpj;bat;asm;asmx</Extensions>
    </Filter>
    <Filter Include="헤더 파일">
      <UniqueIdentifier>{93995380-89BD-4b04-88EB-625FBE52EBFB}</UniqueIdentifier>
      <Extensions>h;hh;hpp;hxx;hm;inl;inc;xsd</Extensions>
    </Filter>
    <Filter Include="2DGameFramework">
      <UniqueIdentifier>{b4146623-4b24-44c1-87dc-0e8cec034f06}</UniqueIdentifier>
    </Filter>
    <Filter Include="2DGameFramework\Manager">
      <UniqueIdentifier>{6962b22c-d548-4262-9752-fb1e528a3599}</UniqueIdentifier>
    </Filter>
    <Filter Include="2DGameFramework\SingletonBase">
      <UniqueIdentifier>{2a373353-7049-468b-aafa-704bf915bc37}</UniqueIdentifier>
    </Filter>
    <Filter Include="playGround">
      <UniqueIdentifier>{fa02fe7e-ee7e-4381-a0bc-0416f23a9e19}</UniqueIdentifier>
    </Filter>
    <Filter Include="2DGameFramework\utils">
      <UniqueIdentifier>{eb08efa7-ef11-477f-a6b9-eccfd2ad7362}</UniqueIdentifier>
    </Filter>
    <Filter Include="2DGameFramework\image">
      <UniqueIdentifier>{efeeb4a5-f3de-4942-a317-21258d10129e}</UniqueIdentifier>
    </Filter>
    <Filter Include="2DGameFramework\progressBar">
      <UniqueIdentifier>{f316504a-bdda-4a8d-b01b-87142c0dfff6}</UniqueIdentifier>
    </Filter>
    <Filter Include="2DGameFramework\txtData">
      <UniqueIdentifier>{6427a303-db83-46d4-9153-174a59ebbd5c}</UniqueIdentifier>
    </Filter>
    <Filter Include="playGround\Background">
      <UniqueIdentifier>{739f4a41-80f6-479e-95b1-2116b282fa75}</UniqueIdentifier>
    </Filter>
    <Filter Include="playGround\Bullet">
      <UniqueIdentifier>{859a4035-c665-46dc-9451-d81b838875fe}</UniqueIdentifier>
    </Filter>
    <Filter Include="playGround\Enemy">
      <UniqueIdentifier>{06e810eb-507b-4dec-98fa-bd2e93055fdf}</UniqueIdentifier>
    </Filter>
    <Filter Include="playGround\Item">
      <UniqueIdentifier>{12163454-8820-466d-adb0-bb47954cc583}</UniqueIdentifier>
    </Filter>
    <Filter Include="playGround\Player">
      <UniqueIdentifier>{7101230e-021d-4a98-89c4-c953a1a4aa47}</UniqueIdentifier>
    </Filter>
  </ItemGroup>
  <ItemGroup>
    <Text Include="ReadMe.txt" />
  </ItemGroup>
  <ItemGroup>
    <ClInclude Include="stdafx.h">
      <Filter>헤더 파일</Filter>
    </ClInclude>
    <ClInclude Include="targetver.h">
      <Filter>헤더 파일</Filter>
    </ClInclude>
    <ClInclude Include="Resource.h">
      <Filter>헤더 파일</Filter>
    </ClInclude>
    <ClInclude Include="commonMacroFunction.h">
      <Filter>헤더 파일</Filter>
    </ClInclude>
    <ClInclude Include="singletonBase.h">
      <Filter>2DGameFramework\SingletonBase</Filter>
    </ClInclude>
    <ClInclude Include="gameNode.h">
      <Filter>2DGameFramework</Filter>
    </ClInclude>
    <ClInclude Include="playGround.h">
      <Filter>playGround</Filter>
    </ClInclude>
    <ClInclude Include="keyManager.h">
      <Filter>2DGameFramework\Manager</Filter>
    </ClInclude>
    <ClInclude Include="randomFunction.h">
      <Filter>헤더 파일</Filter>
    </ClInclude>
    <ClInclude Include="utils.h">
      <Filter>2DGameFramework\utils</Filter>
    </ClInclude>
    <ClInclude Include="image.h">
      <Filter>2DGameFramework\image</Filter>
    </ClInclude>
    <ClInclude Include="collision.h">
      <Filter>2DGameFramework\utils</Filter>
    </ClInclude>
    <ClInclude Include="imageManager.h">
      <Filter>2DGameFramework\Manager</Filter>
    </ClInclude>
    <ClInclude Include="progressBar.h">
      <Filter>2DGameFramework\progressBar</Filter>
    </ClInclude>
    <ClInclude Include="txtData.h">
      <Filter>2DGameFramework\txtData</Filter>
    </ClInclude>
    <ClInclude Include="player.h">
      <Filter>playGround\Player</Filter>
    </ClInclude>
    <ClInclude Include="background.h">
      <Filter>playGround\Background</Filter>
    </ClInclude>
    <ClInclude Include="bulletManager.h">
      <Filter>playGround\Bullet</Filter>
    </ClInclude>
    <ClInclude Include="resource1.h">
      <Filter>헤더 파일</Filter>
    </ClInclude>
    <ClInclude Include="enemyManager.h">
      <Filter>playGround\Enemy</Filter>
    </ClInclude>
    <ClInclude Include="itemManager.h">
      <Filter>playGround\Item</Filter>
    </ClInclude>
    <ClInclude Include="UI.h">
      <Filter>playGround\Background</Filter>
    </ClInclude>
  </ItemGroup>
  <ItemGroup>
    <ClCompile Include="stdafx.cpp">
      <Filter>소스 파일</Filter>
    </ClCompile>
    <ClCompile Include="winMain.cpp">
      <Filter>소스 파일</Filter>
    </ClCompile>
    <ClCompile Include="gameNode.cpp">
      <Filter>2DGameFramework</Filter>
    </ClCompile>
    <ClCompile Include="playGround.cpp">
      <Filter>playGround</Filter>
    </ClCompile>
    <ClCompile Include="keyManager.cpp">
      <Filter>2DGameFramework\Manager</Filter>
    </ClCompile>
    <ClCompile Include="utils.cpp">
      <Filter>2DGameFramework\utils</Filter>
    </ClCompile>
    <ClCompile Include="image.cpp">
      <Filter>2DGameFramework\image</Filter>
    </ClCompile>
    <ClCompile Include="collision.cpp">
      <Filter>2DGameFramework\utils</Filter>
    </ClCompile>
    <ClCompile Include="imageManager.cpp">
      <Filter>2DGameFramework\Manager</Filter>
    </ClCompile>
    <ClCompile Include="progressBar.cpp">
      <Filter>2DGameFramework\progressBar</Filter>
    </ClCompile>
    <ClCompile Include="txtData.cpp">
      <Filter>2DGameFramework\txtData</Filter>
    </ClCompile>
    <ClCompile Include="player.cpp">
      <Filter>playGround\Player</Filter>
    </ClCompile>
    <ClCompile Include="background.cpp">
      <Filter>playGround\Background</Filter>
    </ClCompile>
    <ClCompile Include="bulletManager.cpp">
      <Filter>playGround\Bullet</Filter>
    </ClCompile>
    <ClCompile Include="enemyManager.cpp">
      <Filter>playGround\Enemy</Filter>
    </ClCompile>
    <ClCompile Include="itemManager.cpp">
      <Filter>playGround\Item</Filter>
    </ClCompile>
    <ClCompile Include="UI.cpp">
      <Filter>playGround\Background</Filter>
    </ClCompile>
  </ItemGroup>
</Project>